
Microsoft Visual Studio Solution File, Format Version 12.00
# Visual Studio Version 16
VisualStudioVersion = 16.0.31515.178
MinimumVisualStudioVersion = 10.0.40219.1
Project("{FAE04EC0-301F-11D3-BF4B-00C04F79EFBC}") = "chai", "chai\chai.csproj", "{C7C40E89-5588-40E2-8683-34C85BD17732}"
EndProject
Global
	GlobalSection(SolutionConfigurationPlatforms) = preSolution
		Debug|Any CPU = Debug|Any CPU
		Release|Any CPU = Release|Any CPU
	EndGlobalSection
	GlobalSection(ProjectConfigurationPlatforms) = postSolution
		{C7C40E89-5588-40E2-8683-34C85BD17732}.Debug|Any CPU.ActiveCfg = Debug|Any CPU
		{C7C40E89-5588-40E2-8683-34C85BD17732}.Debug|Any CPU.Build.0 = Debug|Any CPU
		{C7C40E89-5588-40E2-8683-34C85BD17732}.Release|Any CPU.ActiveCfg = Release|Any CPU
		{C7C40E89-5588-40E2-8683-34C85BD17732}.Release|Any CPU.Build.0 = Release|Any CPU
	EndGlobalSection
	GlobalSection(SolutionProperties) = preSolution
		HideSolutionNode = FALSE
	EndGlobalSection
	GlobalSection(ExtensibilityGlobals) = postSolution
		SolutionGuid = {7B149BD2-0A20-40E9-9901-EB7AEC58E2E4}
	EndGlobalSection
EndGlobal
